{
  "name": "example-container-image-supply-chain-security",
  "version": "1.0.0",
  "lockfileVersion": 1,
  "requires": true,
  "dependencies": {
    "lodash": {
      "version": "4.17.0",
      "resolved": "https://registry.npmjs.org/lodash/-/lodash-4.17.0.tgz",
      "integrity": "sha1-k/RGblq3PlofEhbDTuoRU18KjfU="
    }
  }
}
